// !$*UTF8*$!
{
	archiveVersion = 1;
	classes = {
	};
	objectVersion = 55;
	objects = {

/* Begin PBXBuildFile section */
		649AC128275F92A000444B37 /* AppDelegate.swift in Sources */ = {isa = PBXBuildFile; fileRef = 649AC127275F92A000444B37 /* AppDelegate.swift */; };
		649AC12A275F92A000444B37 /* SceneDelegate.swift in Sources */ = {isa = PBXBuildFile; fileRef = 649AC129275F92A000444B37 /* SceneDelegate.swift */; };
		649AC12C275F92A000444B37 /* ViewController.swift in Sources */ = {isa = PBXBuildFile; fileRef = 649AC12B275F92A000444B37 /* ViewController.swift */; };
		649AC12F275F92A000444B37 /* Main.storyboard in Resources */ = {isa = PBXBuildFile; fileRef = 649AC12D275F92A000444B37 /* Main.storyboard */; };
		649AC131275F92A600444B37 /* Assets.xcassets in Resources */ = {isa = PBXBuildFile; fileRef = 649AC130275F92A600444B37 /* Assets.xcassets */; };
		649AC134275F92A600444B37 /* LaunchScreen.storyboard in Resources */ = {isa = PBXBuildFile; fileRef = 649AC132275F92A600444B37 /* LaunchScreen.storyboard */; };
		649AC13C275F9DB000444B37 /* Array.swift in Sources */ = {isa = PBXBuildFile; fileRef = 649AC13B275F9DB000444B37 /* Array.swift */; };
		649AC13E275F9DE900444B37 /* PreviewViewController.swift in Sources */ = {isa = PBXBuildFile; fileRef = 649AC13D275F9DE900444B37 /* PreviewViewController.swift */; };
		649AC140275FA23100444B37 /* PreviewItem.swift in Sources */ = {isa = PBXBuildFile; fileRef = 649AC13F275FA23100444B37 /* PreviewItem.swift */; };
		649AC145275FA7AC00444B37 /* 3.png in Resources */ = {isa = PBXBuildFile; fileRef = 649AC142275FA7AC00444B37 /* 3.png */; };
		649AC146275FA7AC00444B37 /* 2.png in Resources */ = {isa = PBXBuildFile; fileRef = 649AC143275FA7AC00444B37 /* 2.png */; };
		649AC147275FA7AC00444B37 /* 1.png in Resources */ = {isa = PBXBuildFile; fileRef = 649AC144275FA7AC00444B37 /* 1.png */; };
/* End PBXBuildFile section */

/* Begin PBXFileReference section */
		649AC124275F92A000444B37 /* KeyCommandsBugDemo.app */ = {isa = PBXFileReference; explicitFileType = wrapper.application; includeInIndex = 0; path = KeyCommandsBugDemo.app; sourceTree = BUILT_PRODUCTS_DIR; };
		649AC127275F92A000444B37 /* AppDelegate.swift */ = {isa = PBXFileReference; lastKnownFileType = sourcecode.swift; path = AppDelegate.swift; sourceTree = "<group>"; };
		649AC129275F92A000444B37 /* SceneDelegate.swift */ = {isa = PBXFileReference; lastKnownFileType = sourcecode.swift; path = SceneDelegate.swift; sourceTree = "<group>"; };
		649AC12B275F92A000444B37 /* ViewController.swift */ = {isa = PBXFileReference; lastKnownFileType = sourcecode.swift; path = ViewController.swift; sourceTree = "<group>"; };
		649AC12E275F92A000444B37 /* Base */ = {isa = PBXFileReference; lastKnownFileType = file.storyboard; name = Base; path = Base.lproj/Main.storyboard; sourceTree = "<group>"; };
		649AC130275F92A600444B37 /* Assets.xcassets */ = {isa = PBXFileReference; lastKnownFileType = folder.assetcatalog; path = Assets.xcassets; sourceTree = "<group>"; };
		649AC133275F92A600444B37 /* Base */ = {isa = PBXFileReference; lastKnownFileType = file.storyboard; name = Base; path = Base.lproj/LaunchScreen.storyboard; sourceTree = "<group>"; };
		649AC135275F92A600444B37 /* Info.plist */ = {isa = PBXFileReference; lastKnownFileType = text.plist.xml; path = Info.plist; sourceTree = "<group>"; };
		649AC13B275F9DB000444B37 /* Array.swift */ = {isa = PBXFileReference; lastKnownFileType = sourcecode.swift; path = Array.swift; sourceTree = "<group>"; };
		649AC13D275F9DE900444B37 /* PreviewViewController.swift */ = {isa = PBXFileReference; lastKnownFileType = sourcecode.swift; path = PreviewViewController.swift; sourceTree = "<group>"; };
		649AC13F275FA23100444B37 /* PreviewItem.swift */ = {isa = PBXFileReference; lastKnownFileType = sourcecode.swift; path = PreviewItem.swift; sourceTree = "<group>"; };
		649AC142275FA7AC00444B37 /* 3.png */ = {isa = PBXFileReference; lastKnownFileType = image.png; path = 3.png; sourceTree = "<group>"; };
		649AC143275FA7AC00444B37 /* 2.png */ = {isa = PBXFileReference; lastKnownFileType = image.png; path = 2.png; sourceTree = "<group>"; };
		649AC144275FA7AC00444B37 /* 1.png */ = {isa = PBXFileReference; lastKnownFileType = image.png; path = 1.png; sourceTree = "<group>"; };
/* End PBXFileReference section */

/* Begin PBXFrameworksBuildPhase section */
		649AC121275F92A000444B37 /* Frameworks */ = {
			isa = PBXFrameworksBuildPhase;
			buildActionMask = 2147483647;
			files = (
			);
			runOnlyForDeploymentPostprocessing = 0;
		};
/* End PBXFrameworksBuildPhase section */

/* Begin PBXGroup section */
		649AC11B275F929F00444B37 = {
			isa = PBXGroup;
			children = (
				649AC126275F92A000444B37 /* KeyCommandsBugDemo */,
				649AC125275F92A000444B37 /* Products */,
			);
			sourceTree = "<group>";
		};
		649AC125275F92A000444B37 /* Products */ = {
			isa = PBXGroup;
			children = (
				649AC124275F92A000444B37 /* KeyCommandsBugDemo.app */,
			);
			name = Products;
			sourceTree = "<group>";
		};
		649AC126275F92A000444B37 /* KeyCommandsBugDemo */ = {
			isa = PBXGroup;
			children = (
				649AC127275F92A000444B37 /* AppDelegate.swift */,
				649AC129275F92A000444B37 /* SceneDelegate.swift */,
				649AC12B275F92A000444B37 /* ViewController.swift */,
				649AC13D275F9DE900444B37 /* PreviewViewController.swift */,
				649AC13F275FA23100444B37 /* PreviewItem.swift */,
				649AC13B275F9DB000444B37 /* Array.swift */,
				649AC141275FA79400444B37 /* Resources */,
				649AC130275F92A600444B37 /* Assets.xcassets */,
				649AC12D275F92A000444B37 /* Main.storyboard */,
				649AC132275F92A600444B37 /* LaunchScreen.storyboard */,
				649AC135275F92A600444B37 /* Info.plist */,
			);
			path = KeyCommandsBugDemo;
			sourceTree = "<group>";
		};
		649AC141275FA79400444B37 /* Resources */ = {
			isa = PBXGroup;
			children = (
				649AC144275FA7AC00444B37 /* 1.png */,
				649AC143275FA7AC00444B37 /* 2.png */,
				649AC142275FA7AC00444B37 /* 3.png */,
			);
			path = Resources;
			sourceTree = "<group>";
		};
/* End PBXGroup section */

/* Begin PBXNativeTarget section */
		649AC123275F92A000444B37 /* KeyCommandsBugDemo */ = {
			isa = PBXNativeTarget;
			buildConfigurationList = 649AC138275F92A600444B37 /* Build configuration list for PBXNativeTarget "KeyCommandsBugDemo" */;
			buildPhases = (
				649AC120275F92A000444B37 /* Sources */,
				649AC121275F92A000444B37 /* Frameworks */,
				649AC122275F92A000444B37 /* Resources */,
			);
			buildRules = (
			);
			dependencies = (
			);
			name = KeyCommandsBugDemo;
			productName = KeyCommandsBugDemo;
			productReference = 649AC124275F92A000444B37 /* KeyCommandsBugDemo.app */;
			productType = "com.apple.product-type.application";
		};
/* End PBXNativeTarget section */

/* Begin PBXProject section */
		649AC11C275F92A000444B37 /* Project object */ = {
			isa = PBXProject;
			attributes = {
				BuildIndependentTargetsInParallel = 1;
				LastSwiftUpdateCheck = 1310;
				LastUpgradeCheck = 1310;
				TargetAttributes = {
					649AC123275F92A000444B37 = {
						CreatedOnToolsVersion = 13.1;
					};
				};
			};
			buildConfigurationList = 649AC11F275F92A000444B37 /* Build configuration list for PBXProject "KeyCommandsBugDemo" */;
			compatibilityVersion = "Xcode 13.0";
			developmentRegion = en;
			hasScannedForEncodings = 0;
			knownRegions = (
				en,
				Base,
			);
			mainGroup = 649AC11B275F929F00444B37;
			productRefGroup = 649AC125275F92A000444B37 /* Products */;
			projectDirPath = "";
			projectRoot = "";
			targets = (
				649AC123275F92A000444B37 /* KeyCommandsBugDemo */,
			);
		};
/* End PBXProject section */

/* Begin PBXResourcesBuildPhase section */
		649AC122275F92A000444B37 /* Resources */ = {
			isa = PBXResourcesBuildPhase;
			buildActionMask = 2147483647;
			files = (
				649AC134275F92A600444B37 /* LaunchScreen.storyboard in Resources */,
				649AC131275F92A600444B37 /* Assets.xcassets in Resources */,
				649AC146275FA7AC00444B37 /* 2.png in Resources */,
				649AC147275FA7AC00444B37 /* 1.png in Resources */,
				649AC12F275F92A000444B37 /* Main.storyboard in Resources */,
				649AC145275FA7AC00444B37 /* 3.png in Resources */,
			);
			runOnlyForDeploymentPostprocessing = 0;
		};
/* End PBXResourcesBuildPhase section */

/* Begin PBXSourcesBuildPhase section */
		649AC120275F92A000444B37 /* Sources */ = {
			isa = PBXSourcesBuildPhase;
			buildActionMask = 2147483647;
			files = (
				649AC12C275F92A000444B37 /* ViewController.swift in Sources */,
				649AC13C275F9DB000444B37 /* Array.swift in Sources */,
				649AC128275F92A000444B37 /* AppDelegate.swift in Sources */,
				649AC140275FA23100444B37 /* PreviewItem.swift in Sources */,
				649AC13E275F9DE900444B37 /* PreviewViewController.swift in Sources */,
				649AC12A275F92A000444B37 /* SceneDelegate.swift in Sources */,
			);
			runOnlyForDeploymentPostprocessing = 0;
		};
/* End PBXSourcesBuildPhase section */

/* Begin PBXVariantGroup section */
		649AC12D275F92A000444B37 /* Main.storyboard */ = {
			isa = PBXVariantGroup;
			children = (
				649AC12E275F92A000444B37 /* Base */,
			);
			name = Main.storyboard;
			sourceTree = "<group>";
		};
		649AC132275F92A600444B37 /* LaunchScreen.storyboard */ = {
			isa = PBXVariantGroup;
			children = (
				649AC133275F92A600444B37 /* Base */,
			);
			name = LaunchScreen.storyboard;
			sourceTree = "<group>";
		};
/* End PBXVariantGroup section */

/* Begin XCBuildConfiguration section */
		649AC136275F92A600444B37 /* Debug */ = {
			isa = XCBuildConfiguration;
			buildSettings = {
				ALWAYS_SEARCH_USER_PATHS = NO;
				CLANG_ANALYZER_NONNULL = YES;
				CLANG_ANALYZER_NUMBER_OBJECT_CONVERSION = YES_AGGRESSIVE;
				CLANG_CXX_LANGUAGE_STANDARD = "gnu++17";
				CLANG_CXX_LIBRARY = "libc++";
				CLANG_ENABLE_MODULES = YES;
				CLANG_ENABLE_OBJC_ARC = YES;
				CLANG_ENABLE_OBJC_WEAK = YES;
				CLANG_WARN_BLOCK_CAPTURE_AUTORELEASING = YES;
				CLANG_WARN_BOOL_CONVERSION = YES;
				CLANG_WARN_COMMA = YES;
				CLANG_WARN_CONSTANT_CONVERSION = YES;
				CLANG_WARN_DEPRECATED_OBJC_IMPLEMENTATIONS = YES;
				CLANG_WARN_DIRECT_OBJC_ISA_USAGE = YES_ERROR;
				CLANG_WARN_DOCUMENTATION_COMMENTS = YES;
				CLANG_WARN_EMPTY_BODY = YES;
				CLANG_WARN_ENUM_CONVERSION = YES;
				CLANG_WARN_INFINITE_RECURSION = YES;
				CLANG_WARN_INT_CONVERSION = YES;
				CLANG_WARN_NON_LITERAL_NULL_CONVERSION = YES;
				CLANG_WARN_OBJC_IMPLICIT_RETAIN_SELF = YES;
				CLANG_WARN_OBJC_LITERAL_CONVERSION = YES;
				CLANG_WARN_OBJC_ROOT_CLASS = YES_ERROR;
				CLANG_WARN_QUOTED_INCLUDE_IN_FRAMEWORK_HEADER = YES;
				CLANG_WARN_RANGE_LOOP_ANALYSIS = YES;
				CLANG_WARN_STRICT_PROTOTYPES = YES;
				CLANG_WARN_SUSPICIOUS_MOVE = YES;
				CLANG_WARN_UNGUARDED_AVAILABILITY = YES_AGGRESSIVE;
				CLANG_WARN_UNREACHABLE_CODE = YES;
				CLANG_WARN__DUPLICATE_METHOD_MATCH = YES;
				COPY_PHASE_STRIP = NO;
				DEBUG_INFORMATION_FORMAT = dwarf;
				ENABLE_STRICT_OBJC_MSGSEND = YES;
				ENABLE_TESTABILITY = YES;
				GCC_C_LANGUAGE_STANDARD = gnu11;
				GCC_DYNAMIC_NO_PIC = NO;
				GCC_NO_COMMON_BLOCKS = YES;
				GCC_OPTIMIZATION_LEVEL = 0;
				GCC_PREPROCESSOR_DEFINITIONS = (
					"DEBUG=1",
					"$(inherited)",
				);
				GCC_WARN_64_TO_32_BIT_CONVERSION = YES;
				GCC_WARN_ABOUT_RETURN_TYPE = YES_ERROR;
				GCC_WARN_UNDECLARED_SELECTOR = YES;
				GCC_WARN_UNINITIALIZED_AUTOS = YES_AGGRESSIVE;
				GCC_WARN_UNUSED_FUNCTION = YES;
				GCC_WARN_UNUSED_VARIABLE = YES;
				IPHONEOS_DEPLOYMENT_TARGET = 15.0;
				MTL_ENABLE_DEBUG_INFO = INCLUDE_SOURCE;
				MTL_FAST_MATH = YES;
				ONLY_ACTIVE_ARCH = YES;
				SDKROOT = iphoneos;
				SWIFT_ACTIVE_COMPILATION_CONDITIONS = DEBUG;
				SWIFT_OPTIMIZATION_LEVEL = "-Onone";
			};
			name = Debug;
		};
		649AC137275F92A600444B37 /* Release */ = {
			isa = XCBuildConfiguration;
			buildSettings = {
				ALWAYS_SEARCH_USER_PATHS = NO;
				CLANG_ANALYZER_NONNULL = YES;
				CLANG_ANALYZER_NUMBER_OBJECT_CONVERSION = YES_AGGRESSIVE;
				CLANG_CXX_LANGUAGE_STANDARD = "gnu++17";
				CLANG_CXX_LIBRARY = "libc++";
				CLANG_ENABLE_MODULES = YES;
				CLANG_ENABLE_OBJC_ARC = YES;
				CLANG_ENABLE_OBJC_WEAK = YES;
				CLANG_WARN_BLOCK_CAPTURE_AUTORELEASING = YES;
				CLANG_WARN_BOOL_CONVERSION = YES;
				CLANG_WARN_COMMA = YES;
				CLANG_WARN_CONSTANT_CONVERSION = YES;
				CLANG_WARN_DEPRECATED_OBJC_IMPLEMENTATIONS = YES;
				CLANG_WARN_DIRECT_OBJC_ISA_USAGE = YES_ERROR;
				CLANG_WARN_DOCUMENTATION_COMMENTS = YES;
				CLANG_WARN_EMPTY_BODY = YES;
				CLANG_WARN_ENUM_CONVERSION = YES;
				CLANG_WARN_INFINITE_RECURSION = YES;
				CLANG_WARN_INT_CONVERSION = YES;
				CLANG_WARN_NON_LITERAL_NULL_CONVERSION = YES;
				CLANG_WARN_OBJC_IMPLICIT_RETAIN_SELF = YES;
				CLANG_WARN_OBJC_LITERAL_CONVERSION = YES;
				CLANG_WARN_OBJC_ROOT_CLASS = YES_ERROR;
				CLANG_WARN_QUOTED_INCLUDE_IN_FRAMEWORK_HEADER = YES;
				CLANG_WARN_RANGE_LOOP_ANALYSIS = YES;
				CLANG_WARN_STRICT_PROTOTYPES = YES;
				CLANG_WARN_SUSPICIOUS_MOVE = YES;
				CLANG_WARN_UNGUARDED_AVAILABILITY = YES_AGGRESSIVE;
				CLANG_WARN_UNREACHABLE_CODE = YES;
				CLANG_WARN__DUPLICATE_METHOD_MATCH = YES;
				COPY_PHASE_STRIP = NO;
				DEBUG_INFORMATION_FORMAT = "dwarf-with-dsym";
				ENABLE_NS_ASSERTIONS = NO;
				ENABLE_STRICT_OBJC_MSGSEND = YES;
				GCC_C_LANGUAGE_STANDARD = gnu11;
				GCC_NO_COMMON_BLOCKS = YES;
				GCC_WARN_64_TO_32_BIT_CONVERSION = YES;
				GCC_WARN_ABOUT_RETURN_TYPE = YES_ERROR;
				GCC_WARN_UNDECLARED_SELECTOR = YES;
				GCC_WARN_UNINITIALIZED_AUTOS = YES_AGGRESSIVE;
				GCC_WARN_UNUSED_FUNCTION = YES;
				GCC_WARN_UNUSED_VARIABLE = YES;
				IPHONEOS_DEPLOYMENT_TARGET = 15.0;
				MTL_ENABLE_DEBUG_INFO = NO;
				MTL_FAST_MATH = YES;
				SDKROOT = iphoneos;
				SWIFT_COMPILATION_MODE = wholemodule;
				SWIFT_OPTIMIZATION_LEVEL = "-O";
				VALIDATE_PRODUCT = YES;
			};
			name = Release;
		};
		649AC139275F92A600444B37 /* Debug */ = {
			isa = XCBuildConfiguration;
			buildSettings = {
				ASSETCATALOG_COMPILER_APPICON_NAME = AppIcon;
				ASSETCATALOG_COMPILER_GLOBAL_ACCENT_COLOR_NAME = AccentColor;
				CODE_SIGN_STYLE = Automatic;
				CURRENT_PROJECT_VERSION = 1;
				DEVELOPMENT_TEAM = 39D8YCZF69;
				GENERATE_INFOPLIST_FILE = YES;
				INFOPLIST_FILE = KeyCommandsBugDemo/Info.plist;
				INFOPLIST_KEY_UIApplicationSupportsIndirectInputEvents = YES;
				INFOPLIST_KEY_UILaunchStoryboardName = LaunchScreen;
				INFOPLIST_KEY_UIMainStoryboardFile = Main;
				INFOPLIST_KEY_UISupportedInterfaceOrientations_iPad = "UIInterfaceOrientationPortrait UIInterfaceOrientationPortraitUpsideDown UIInterfaceOrientationLandscapeLeft UIInterfaceOrientationLandscapeRight";
				INFOPLIST_KEY_UISupportedInterfaceOrientations_iPhone = "UIInterfaceOrientationPortrait UIInterfaceOrientationLandscapeLeft UIInterfaceOrientationLandscapeRight";
				LD_RUNPATH_SEARCH_PATHS = (
					"$(inherited)",
					"@executable_path/Frameworks",
				);
				MARKETING_VERSION = 1.0;
				PRODUCT_BUNDLE_IDENTIFIER = com.keycommands.bug.KeyCommandsBugDemo;
				PRODUCT_NAME = "$(TARGET_NAME)";
				SWIFT_EMIT_LOC_STRINGS = YES;
				SWIFT_VERSION = 5.0;
				TARGETED_DEVICE_FAMILY = "1,2";
			};
			name = Debug;
		};
		649AC13A275F92A600444B37 /* Release */ = {
			isa = XCBuildConfiguration;
			buildSettings = {
				ASSETCATALOG_COMPILER_APPICON_NAME = AppIcon;
				ASSETCATALOG_COMPILER_GLOBAL_ACCENT_COLOR_NAME = AccentColor;
				CODE_SIGN_STYLE = Automatic;
				CURRENT_PROJECT_VERSION = 1;
				DEVELOPMENT_TEAM = 39D8YCZF69;
				GENERATE_INFOPLIST_FILE = YES;
				INFOPLIST_FILE = KeyCommandsBugDemo/Info.plist;
				INFOPLIST_KEY_UIApplicationSupportsIndirectInputEvents = YES;
				INFOPLIST_KEY_UILaunchStoryboardName = LaunchScreen;
				INFOPLIST_KEY_UIMainStoryboardFile = Main;
				INFOPLIST_KEY_UISupportedInterfaceOrientations_iPad = "UIInterfaceOrientationPortrait UIInterfaceOrientationPortraitUpsideDown UIInterfaceOrientationLandscapeLeft UIInterfaceOrientationLandscapeRight";
				INFOPLIST_KEY_UISupportedInterfaceOrientations_iPhone = "UIInterfaceOrientationPortrait UIInterfaceOrientationLandscapeLeft UIInterfaceOrientationLandscapeRight";
				LD_RUNPATH_SEARCH_PATHS = (
					"$(inherited)",
					"@executable_path/Frameworks",
				);
				MARKETING_VERSION = 1.0;
				PRODUCT_BUNDLE_IDENTIFIER = com.keycommands.bug.KeyCommandsBugDemo;
				PRODUCT_NAME = "$(TARGET_NAME)";
				SWIFT_EMIT_LOC_STRINGS = YES;
				SWIFT_VERSION = 5.0;
				TARGETED_DEVICE_FAMILY = "1,2";
			};
			name = Release;
		};
/* End XCBuildConfiguration section */

/* Begin XCConfigurationList section */
		649AC11F275F92A000444B37 /* Build configuration list for PBXProject "KeyCommandsBugDemo" */ = {
			isa = XCConfigurationList;
			buildConfigurations = (
				649AC136275F92A600444B37 /* Debug */,
				649AC137275F92A600444B37 /* Release */,
			);
			defaultConfigurationIsVisible = 0;
			defaultConfigurationName = Release;
		};
		649AC138275F92A600444B37 /* Build configuration list for PBXNativeTarget "KeyCommandsBugDemo" */ = {
			isa = XCConfigurationList;
			buildConfigurations = (
				649AC139275F92A600444B37 /* Debug */,
				649AC13A275F92A600444B37 /* Release */,
			);
			defaultConfigurationIsVisible = 0;
			defaultConfigurationName = Release;
		};
/* End XCConfigurationList section */
	};
	rootObject = 649AC11C275F92A000444B37 /* Project object */;
}
